{
  "name": "CapePartsFinder",
  "lockfileVersion": 3,
  "requires": true,
  "packages": {
    "": {
      "devDependencies": {
        "@axe-core/react": "^4.11.3"
      }
    },
    "node_modules/@axe-core/react": {
      "version": "4.11.3",
      "resolved": "https://registry.npmjs.org/@axe-core/react/-/react-4.11.3.tgz",
      "integrity": "sha512-G7TrxptKNFfrQZ+Iygb8nGx5w8Su0jIjwmtVN/9Jc4G6RumCh1rD3pZRT2NzZKjT70q4BReuWVwEazS3HxFfjg==",
      "dev": true,
      "license": "MPL-2.0",
      "dependencies": {
        "axe-core": "~4.11.4",
        "requestidlecallback": "^0.3.0"
      }
    },
    "node_modules/axe-core": {
      "version": "4.11.4",
      "resolved": "https://registry.npmjs.org/axe-core/-/axe-core-4.11.4.tgz",
      "integrity": "sha512-KunSNx+TVpkAw/6ULfhnx+HWRecjqZGTOyquAoWHYLRSdK1tB5Ihce1ZW+UY3fj33bYAFWPu7W/GRSmmrCGuxA==",
      "dev": true,
      "license": "MPL-2.0",
      "engines": {
        "node": ">=4"
      }
    },
    "node_modules/requestidlecallback": {
      "version": "0.3.0",
      "resolved": "https://registry.npmjs.org/requestidlecallback/-/requestidlecallback-0.3.0.tgz",
      "integrity": "sha512-TWHFkT7S9p7IxLC5A1hYmAYQx2Eb9w1skrXmQ+dS1URyvR8tenMLl4lHbqEOUnpEYxNKpkVMXUgknVpBZWXXfQ==",
      "dev": true,
      "license": "MIT"
    }
  }
}
